Microsoft Visual Studio Solution File, Format Version 12.00
# Visual Studio Version 17
VisualStudioVersion = 17.6.33712.159
MinimumVisualStudioVersion = 10.0.40219.1
Project("{2150E333-8FDC-42A3-9474-1A3956D46DE8}") = "Core", "Core", "{7686C821-EB42-469F-B86A-92C6E49D42AE}"
EndProject
Project("{2150E333-8FDC-42A3-9474-1A3956D46DE8}") = "Infrastructure", "Infrastructure", "{54604DC1-5253-4E97-BCD4-C10D4FD62E3C}"
EndProject
Project("{2150E333-8FDC-42A3-9474-1A3956D46DE8}") = "Presentation", "Presentation", "{3DA2418A-49D5-4A3C-9EA2-310A0A77A0A5}"
EndProject
Project("{9A19103F-16F7-4668-BE54-9A1E7A4F7556}") = "Manazor.Domain", "Manazor.Domain\Manazor.Domain.csproj", "{CCCB675A-E351-4FAB-9393-D9302D706D68}"
EndProject
Project("{9A19103F-16F7-4668-BE54-9A1E7A4F7556}") = "Manazor.Persistence", "Manazor.Persistence\Manazor.Persistence.csproj", "{0B192EA1-8297-49CA-9BA6-F9EFE417E582}"
EndProject
Project("{9A19103F-16F7-4668-BE54-9A1E7A4F7556}") = "Manazor.Application", "Manazor.Application\Manazor.Application.csproj", "{B12438D7-3EC4-4B88-B427-CBDBA0E8A417}"
EndProject
Project("{9A19103F-16F7-4668-BE54-9A1E7A4F7556}") = "Manazor.UI", "Manazor.UI\Manazor.UI.csproj", "{F49C5BE1-842C-46BD-A867-68862F12A9DB}"
EndProject
Global
	GlobalSection(SolutionConfigurationPlatforms) = preSolution
		Debug|Any CPU = Debug|Any CPU
		Release|Any CPU = Release|Any CPU
	EndGlobalSection
	GlobalSection(ProjectConfigurationPlatforms) = postSolution
		{CCCB675A-E351-4FAB-9393-D9302D706D68}.Debug|Any CPU.ActiveCfg = Debug|Any CPU
		{CCCB675A-E351-4FAB-9393-D9302D706D68}.Debug|Any CPU.Build.0 = Debug|Any CPU
		{CCCB675A-E351-4FAB-9393-D9302D706D68}.Release|Any CPU.ActiveCfg = Release|Any CPU
		{CCCB675A-E351-4FAB-9393-D9302D706D68}.Release|Any CPU.Build.0 = Release|Any CPU
		{0B192EA1-8297-49CA-9BA6-F9EFE417E582}.Debug|Any CPU.ActiveCfg = Debug|Any CPU
		{0B192EA1-8297-49CA-9BA6-F9EFE417E582}.Debug|Any CPU.Build.0 = Debug|Any CPU
		{0B192EA1-8297-49CA-9BA6-F9EFE417E582}.Release|Any CPU.ActiveCfg = Release|Any CPU
		{0B192EA1-8297-49CA-9BA6-F9EFE417E582}.Release|Any CPU.Build.0 = Release|Any CPU
		{B12438D7-3EC4-4B88-B427-CBDBA0E8A417}.Debug|Any CPU.ActiveCfg = Debug|Any CPU
		{B12438D7-3EC4-4B88-B427-CBDBA0E8A417}.Debug|Any CPU.Build.0 = Debug|Any CPU
		{B12438D7-3EC4-4B88-B427-CBDBA0E8A417}.Release|Any CPU.ActiveCfg = Release|Any CPU
		{B12438D7-3EC4-4B88-B427-CBDBA0E8A417}.Release|Any CPU.Build.0 = Release|Any CPU
		{F49C5BE1-842C-46BD-A867-68862F12A9DB}.Debug|Any CPU.ActiveCfg = Debug|Any CPU
		{F49C5BE1-842C-46BD-A867-68862F12A9DB}.Debug|Any CPU.Build.0 = Debug|Any CPU
		{F49C5BE1-842C-46BD-A867-68862F12A9DB}.Release|Any CPU.ActiveCfg = Release|Any CPU
		{F49C5BE1-842C-46BD-A867-68862F12A9DB}.Release|Any CPU.Build.0 = Release|Any CPU
	EndGlobalSection
	GlobalSection(SolutionProperties) = preSolution
		HideSolutionNode = FALSE
	EndGlobalSection
	GlobalSection(NestedProjects) = preSolution
		{CCCB675A-E351-4FAB-9393-D9302D706D68} = {7686C821-EB42-469F-B86A-92C6E49D42AE}
		{0B192EA1-8297-49CA-9BA6-F9EFE417E582} = {54604DC1-5253-4E97-BCD4-C10D4FD62E3C}
		{B12438D7-3EC4-4B88-B427-CBDBA0E8A417} = {7686C821-EB42-469F-B86A-92C6E49D42AE}
		{F49C5BE1-842C-46BD-A867-68862F12A9DB} = {3DA2418A-49D5-4A3C-9EA2-310A0A77A0A5}
	EndGlobalSection
	GlobalSection(ExtensibilityGlobals) = postSolution
		SolutionGuid = {9E713A8E-B9CF-4EDA-9759-22F4D11EB665}
	EndGlobalSection
EndGlobal
